
Microsoft Visual Studio Solution File, Format Version 12.00
# Visual Studio Version 16
VisualStudioVersion = 16.0.29509.3
MinimumVisualStudioVersion = 10.0.40219.1
Project("{FAE04EC0-301F-11D3-BF4B-00C04F79EFBC}") = "AzureStorage", "AzureStorage\AzureStorage.csproj", "{BCF80A11-30FA-4CB4-896A-073696625EAF}"
EndProject
Global
	GlobalSection(SolutionConfigurationPlatforms) = preSolution
		Debug|Any CPU = Debug|Any CPU
		Release|Any CPU = Release|Any CPU
	EndGlobalSection
	GlobalSection(ProjectConfigurationPlatforms) = postSolution
		{BCF80A11-30FA-4CB4-896A-073696625EAF}.Debug|Any CPU.ActiveCfg = Debug|Any CPU
		{BCF80A11-30FA-4CB4-896A-073696625EAF}.Debug|Any CPU.Build.0 = Debug|Any CPU
		{BCF80A11-30FA-4CB4-896A-073696625EAF}.Release|Any CPU.ActiveCfg = Release|Any CPU
		{BCF80A11-30FA-4CB4-896A-073696625EAF}.Release|Any CPU.Build.0 = Release|Any CPU
	EndGlobalSection
	GlobalSection(SolutionProperties) = preSolution
		HideSolutionNode = FALSE
	EndGlobalSection
	GlobalSection(ExtensibilityGlobals) = postSolution
		SolutionGuid = {2F7DEAB3-DAB2-433D-B5AF-BBD685CC68A6}
	EndGlobalSection
EndGlobal
